// !$*UTF8*$!
{
	archiveVersion = 1;
	classes = {
	};
	objectVersion = 50;
	objects = {

/* Begin PBXBuildFile section */
		FA7F4DCD244FB6110095D71D /* AppDelegate.swift in Sources */ = {isa = PBXBuildFile; fileRef = FA7F4DCC244FB6110095D71D /* AppDelegate.swift */; };
		FA7F4DCF244FB6110095D71D /* SceneDelegate.swift in Sources */ = {isa = PBXBuildFile; fileRef = FA7F4DCE244FB6110095D71D /* SceneDelegate.swift */; };
		FA7F4DD4244FB6110095D71D /* Main.storyboard in Resources */ = {isa = PBXBuildFile; fileRef = FA7F4DD2244FB6110095D71D /* Main.storyboard */; };
		FA7F4DD6244FB6130095D71D /* Assets.xcassets in Resources */ = {isa = PBXBuildFile; fileRef = FA7F4DD5244FB6130095D71D /* Assets.xcassets */; };
		FA7F4DD9244FB6130095D71D /* LaunchScreen.storyboard in Resources */ = {isa = PBXBuildFile; fileRef = FA7F4DD7244FB6130095D71D /* LaunchScreen.storyboard */; };
		FA7F4DE4244FBEBB0095D71D /* AmmyQ.xcdatamodeld in Sources */ = {isa = PBXBuildFile; fileRef = FA7F4DE2244FBEBB0095D71D /* AmmyQ.xcdatamodeld */; };
		FA7F4DE6244FC1980095D71D /* Character+Convenience.swift in Sources */ = {isa = PBXBuildFile; fileRef = FA7F4DE5244FC1980095D71D /* Character+Convenience.swift */; };
		FA7F4DE8244FC2130095D71D /* CharacterRepresentation.swift in Sources */ = {isa = PBXBuildFile; fileRef = FA7F4DE7244FC2130095D71D /* CharacterRepresentation.swift */; };
/* End PBXBuildFile section */

/* Begin PBXFileReference section */
		FA7F4DC9244FB6110095D71D /* AmmyQ.app */ = {isa = PBXFileReference; explicitFileType = wrapper.application; includeInIndex = 0; path = AmmyQ.app; sourceTree = BUILT_PRODUCTS_DIR; };
		FA7F4DCC244FB6110095D71D /* AppDelegate.swift */ = {isa = PBXFileReference; lastKnownFileType = sourcecode.swift; path = AppDelegate.swift; sourceTree = "<group>"; };
		FA7F4DCE244FB6110095D71D /* SceneDelegate.swift */ = {isa = PBXFileReference; lastKnownFileType = sourcecode.swift; path = SceneDelegate.swift; sourceTree = "<group>"; };
		FA7F4DD3244FB6110095D71D /* Base */ = {isa = PBXFileReference; lastKnownFileType = file.storyboard; name = Base; path = Base.lproj/Main.storyboard; sourceTree = "<group>"; };
		FA7F4DD5244FB6130095D71D /* Assets.xcassets */ = {isa = PBXFileReference; lastKnownFileType = folder.assetcatalog; path = Assets.xcassets; sourceTree = "<group>"; };
		FA7F4DD8244FB6130095D71D /* Base */ = {isa = PBXFileReference; lastKnownFileType = file.storyboard; name = Base; path = Base.lproj/LaunchScreen.storyboard; sourceTree = "<group>"; };
		FA7F4DDA244FB6130095D71D /* Info.plist */ = {isa = PBXFileReference; lastKnownFileType = text.plist.xml; path = Info.plist; sourceTree = "<group>"; };
		FA7F4DE3244FBEBB0095D71D /* AmmyQ.xcdatamodel */ = {isa = PBXFileReference; lastKnownFileType = wrapper.xcdatamodel; path = AmmyQ.xcdatamodel; sourceTree = "<group>"; };
		FA7F4DE5244FC1980095D71D /* Character+Convenience.swift */ = {isa = PBXFileReference; lastKnownFileType = sourcecode.swift; path = "Character+Convenience.swift"; sourceTree = "<group>"; };
		FA7F4DE7244FC2130095D71D /* CharacterRepresentation.swift */ = {isa = PBXFileReference; lastKnownFileType = sourcecode.swift; path = CharacterRepresentation.swift; sourceTree = "<group>"; };
/* End PBXFileReference section */

/* Begin PBXFrameworksBuildPhase section */
		FA7F4DC6244FB6110095D71D /* Frameworks */ = {
			isa = PBXFrameworksBuildPhase;
			buildActionMask = 2147483647;
			files = (
			);
			runOnlyForDeploymentPostprocessing = 0;
		};
/* End PBXFrameworksBuildPhase section */

/* Begin PBXGroup section */
		FA7F4DC0244FB6110095D71D = {
			isa = PBXGroup;
			children = (
				FA7F4DE0244FB6200095D71D /* Storyboards */,
				FA7F4DE1244FBE5C0095D71D /* Models */,
				FA7F4DCB244FB6110095D71D /* AmmyQ */,
				FA7F4DCA244FB6110095D71D /* Products */,
			);
			sourceTree = "<group>";
		};
		FA7F4DCA244FB6110095D71D /* Products */ = {
			isa = PBXGroup;
			children = (
				FA7F4DC9244FB6110095D71D /* AmmyQ.app */,
			);
			name = Products;
			sourceTree = "<group>";
		};
		FA7F4DCB244FB6110095D71D /* AmmyQ */ = {
			isa = PBXGroup;
			children = (
				FA7F4DCC244FB6110095D71D /* AppDelegate.swift */,
				FA7F4DCE244FB6110095D71D /* SceneDelegate.swift */,
				FA7F4DD5244FB6130095D71D /* Assets.xcassets */,
				FA7F4DDA244FB6130095D71D /* Info.plist */,
			);
			path = AmmyQ;
			sourceTree = "<group>";
		};
		FA7F4DE0244FB6200095D71D /* Storyboards */ = {
			isa = PBXGroup;
			children = (
				FA7F4DD2244FB6110095D71D /* Main.storyboard */,
				FA7F4DD7244FB6130095D71D /* LaunchScreen.storyboard */,
			);
			path = Storyboards;
			sourceTree = "<group>";
		};
		FA7F4DE1244FBE5C0095D71D /* Models */ = {
			isa = PBXGroup;
			children = (
				FA7F4DE2244FBEBB0095D71D /* AmmyQ.xcdatamodeld */,
				FA7F4DE5244FC1980095D71D /* Character+Convenience.swift */,
				FA7F4DE7244FC2130095D71D /* CharacterRepresentation.swift */,
			);
			path = Models;
			sourceTree = "<group>";
		};
/* End PBXGroup section */

/* Begin PBXNativeTarget section */
		FA7F4DC8244FB6110095D71D /* AmmyQ */ = {
			isa = PBXNativeTarget;
			buildConfigurationList = FA7F4DDD244FB6130095D71D /* Build configuration list for PBXNativeTarget "AmmyQ" */;
			buildPhases = (
				FA7F4DC5244FB6110095D71D /* Sources */,
				FA7F4DC6244FB6110095D71D /* Frameworks */,
				FA7F4DC7244FB6110095D71D /* Resources */,
			);
			buildRules = (
			);
			dependencies = (
			);
			name = AmmyQ;
			productName = AmmyQ;
			productReference = FA7F4DC9244FB6110095D71D /* AmmyQ.app */;
			productType = "com.apple.product-type.application";
		};
/* End PBXNativeTarget section */

/* Begin PBXProject section */
		FA7F4DC1244FB6110095D71D /* Project object */ = {
			isa = PBXProject;
			attributes = {
				LastSwiftUpdateCheck = 1140;
				LastUpgradeCheck = 1140;
				ORGANIZATIONNAME = WilmaRodz;
				TargetAttributes = {
					FA7F4DC8244FB6110095D71D = {
						CreatedOnToolsVersion = 11.4;
					};
				};
			};
			buildConfigurationList = FA7F4DC4244FB6110095D71D /* Build configuration list for PBXProject "AmmyQ" */;
			compatibilityVersion = "Xcode 9.3";
			developmentRegion = en;
			hasScannedForEncodings = 0;
			knownRegions = (
				en,
				Base,
			);
			mainGroup = FA7F4DC0244FB6110095D71D;
			productRefGroup = FA7F4DCA244FB6110095D71D /* Products */;
			projectDirPath = "";
			projectRoot = "";
			targets = (
				FA7F4DC8244FB6110095D71D /* AmmyQ */,
			);
		};
/* End PBXProject section */

/* Begin PBXResourcesBuildPhase section */
		FA7F4DC7244FB6110095D71D /* Resources */ = {
			isa = PBXResourcesBuildPhase;
			buildActionMask = 2147483647;
			files = (
				FA7F4DD9244FB6130095D71D /* LaunchScreen.storyboard in Resources */,
				FA7F4DD6244FB6130095D71D /* Assets.xcassets in Resources */,
				FA7F4DD4244FB6110095D71D /* Main.storyboard in Resources */,
			);
			runOnlyForDeploymentPostprocessing = 0;
		};
/* End PBXResourcesBuildPhase section */

/* Begin PBXSourcesBuildPhase section */
		FA7F4DC5244FB6110095D71D /* Sources */ = {
			isa = PBXSourcesBuildPhase;
			buildActionMask = 2147483647;
			files = (
				FA7F4DCD244FB6110095D71D /* AppDelegate.swift in Sources */,
				FA7F4DCF244FB6110095D71D /* SceneDelegate.swift in Sources */,
				FA7F4DE4244FBEBB0095D71D /* AmmyQ.xcdatamodeld in Sources */,
				FA7F4DE8244FC2130095D71D /* CharacterRepresentation.swift in Sources */,
				FA7F4DE6244FC1980095D71D /* Character+Convenience.swift in Sources */,
			);
			runOnlyForDeploymentPostprocessing = 0;
		};
/* End PBXSourcesBuildPhase section */

/* Begin PBXVariantGroup section */
		FA7F4DD2244FB6110095D71D /* Main.storyboard */ = {
			isa = PBXVariantGroup;
			children = (
				FA7F4DD3244FB6110095D71D /* Base */,
			);
			name = Main.storyboard;
			sourceTree = "<group>";
		};
		FA7F4DD7244FB6130095D71D /* LaunchScreen.storyboard */ = {
			isa = PBXVariantGroup;
			children = (
				FA7F4DD8244FB6130095D71D /* Base */,
			);
			name = LaunchScreen.storyboard;
			sourceTree = "<group>";
		};
/* End PBXVariantGroup section */

/* Begin XCBuildConfiguration section */
		FA7F4DDB244FB6130095D71D /* Debug */ = {
			isa = XCBuildConfiguration;
			buildSettings = {
				ALWAYS_SEARCH_USER_PATHS = NO;
				CLANG_ANALYZER_NONNULL = YES;
				CLANG_ANALYZER_NUMBER_OBJECT_CONVERSION = YES_AGGRESSIVE;
				CLANG_CXX_LANGUAGE_STANDARD = "gnu++14";
				CLANG_CXX_LIBRARY = "libc++";
				CLANG_ENABLE_MODULES = YES;
				CLANG_ENABLE_OBJC_ARC = YES;
				CLANG_ENABLE_OBJC_WEAK = YES;
				CLANG_WARN_BLOCK_CAPTURE_AUTORELEASING = YES;
				CLANG_WARN_BOOL_CONVERSION = YES;
				CLANG_WARN_COMMA = YES;
				CLANG_WARN_CONSTANT_CONVERSION = YES;
				CLANG_WARN_DEPRECATED_OBJC_IMPLEMENTATIONS = YES;
				CLANG_WARN_DIRECT_OBJC_ISA_USAGE = YES_ERROR;
				CLANG_WARN_DOCUMENTATION_COMMENTS = YES;
				CLANG_WARN_EMPTY_BODY = YES;
				CLANG_WARN_ENUM_CONVERSION = YES;
				CLANG_WARN_INFINITE_RECURSION = YES;
				CLANG_WARN_INT_CONVERSION = YES;
				CLANG_WARN_NON_LITERAL_NULL_CONVERSION = YES;
				CLANG_WARN_OBJC_IMPLICIT_RETAIN_SELF = YES;
				CLANG_WARN_OBJC_LITERAL_CONVERSION = YES;
				CLANG_WARN_OBJC_ROOT_CLASS = YES_ERROR;
				CLANG_WARN_RANGE_LOOP_ANALYSIS = YES;
				CLANG_WARN_STRICT_PROTOTYPES = YES;
				CLANG_WARN_SUSPICIOUS_MOVE = YES;
				CLANG_WARN_UNGUARDED_AVAILABILITY = YES_AGGRESSIVE;
				CLANG_WARN_UNREACHABLE_CODE = YES;
				CLANG_WARN__DUPLICATE_METHOD_MATCH = YES;
				COPY_PHASE_STRIP = NO;
				DEBUG_INFORMATION_FORMAT = dwarf;
				ENABLE_STRICT_OBJC_MSGSEND = YES;
				ENABLE_TESTABILITY = YES;
				GCC_C_LANGUAGE_STANDARD = gnu11;
				GCC_DYNAMIC_NO_PIC = NO;
				GCC_NO_COMMON_BLOCKS = YES;
				GCC_OPTIMIZATION_LEVEL = 0;
				GCC_PREPROCESSOR_DEFINITIONS = (
					"DEBUG=1",
					"$(inherited)",
				);
				GCC_WARN_64_TO_32_BIT_CONVERSION = YES;
				GCC_WARN_ABOUT_RETURN_TYPE = YES_ERROR;
				GCC_WARN_UNDECLARED_SELECTOR = YES;
				GCC_WARN_UNINITIALIZED_AUTOS = YES_AGGRESSIVE;
				GCC_WARN_UNUSED_FUNCTION = YES;
				GCC_WARN_UNUSED_VARIABLE = YES;
				IPHONEOS_DEPLOYMENT_TARGET = 13.4;
				MTL_ENABLE_DEBUG_INFO = INCLUDE_SOURCE;
				MTL_FAST_MATH = YES;
				ONLY_ACTIVE_ARCH = YES;
				SDKROOT = iphoneos;
				SWIFT_ACTIVE_COMPILATION_CONDITIONS = DEBUG;
				SWIFT_OPTIMIZATION_LEVEL = "-Onone";
			};
			name = Debug;
		};
		FA7F4DDC244FB6130095D71D /* Release */ = {
			isa = XCBuildConfiguration;
			buildSettings = {
				ALWAYS_SEARCH_USER_PATHS = NO;
				CLANG_ANALYZER_NONNULL = YES;
				CLANG_ANALYZER_NUMBER_OBJECT_CONVERSION = YES_AGGRESSIVE;
				CLANG_CXX_LANGUAGE_STANDARD = "gnu++14";
				CLANG_CXX_LIBRARY = "libc++";
				CLANG_ENABLE_MODULES = YES;
				CLANG_ENABLE_OBJC_ARC = YES;
				CLANG_ENABLE_OBJC_WEAK = YES;
				CLANG_WARN_BLOCK_CAPTURE_AUTORELEASING = YES;
				CLANG_WARN_BOOL_CONVERSION = YES;
				CLANG_WARN_COMMA = YES;
				CLANG_WARN_CONSTANT_CONVERSION = YES;
				CLANG_WARN_DEPRECATED_OBJC_IMPLEMENTATIONS = YES;
				CLANG_WARN_DIRECT_OBJC_ISA_USAGE = YES_ERROR;
				CLANG_WARN_DOCUMENTATION_COMMENTS = YES;
				CLANG_WARN_EMPTY_BODY = YES;
				CLANG_WARN_ENUM_CONVERSION = YES;
				CLANG_WARN_INFINITE_RECURSION = YES;
				CLANG_WARN_INT_CONVERSION = YES;
				CLANG_WARN_NON_LITERAL_NULL_CONVERSION = YES;
				CLANG_WARN_OBJC_IMPLICIT_RETAIN_SELF = YES;
				CLANG_WARN_OBJC_LITERAL_CONVERSION = YES;
				CLANG_WARN_OBJC_ROOT_CLASS = YES_ERROR;
				CLANG_WARN_RANGE_LOOP_ANALYSIS = YES;
				CLANG_WARN_STRICT_PROTOTYPES = YES;
				CLANG_WARN_SUSPICIOUS_MOVE = YES;
				CLANG_WARN_UNGUARDED_AVAILABILITY = YES_AGGRESSIVE;
				CLANG_WARN_UNREACHABLE_CODE = YES;
				CLANG_WARN__DUPLICATE_METHOD_MATCH = YES;
				COPY_PHASE_STRIP = NO;
				DEBUG_INFORMATION_FORMAT = "dwarf-with-dsym";
				ENABLE_NS_ASSERTIONS = NO;
				ENABLE_STRICT_OBJC_MSGSEND = YES;
				GCC_C_LANGUAGE_STANDARD = gnu11;
				GCC_NO_COMMON_BLOCKS = YES;
				GCC_WARN_64_TO_32_BIT_CONVERSION = YES;
				GCC_WARN_ABOUT_RETURN_TYPE = YES_ERROR;
				GCC_WARN_UNDECLARED_SELECTOR = YES;
				GCC_WARN_UNINITIALIZED_AUTOS = YES_AGGRESSIVE;
				GCC_WARN_UNUSED_FUNCTION = YES;
				GCC_WARN_UNUSED_VARIABLE = YES;
				IPHONEOS_DEPLOYMENT_TARGET = 13.4;
				MTL_ENABLE_DEBUG_INFO = NO;
				MTL_FAST_MATH = YES;
				SDKROOT = iphoneos;
				SWIFT_COMPILATION_MODE = wholemodule;
				SWIFT_OPTIMIZATION_LEVEL = "-O";
				VALIDATE_PRODUCT = YES;
			};
			name = Release;
		};
		FA7F4DDE244FB6130095D71D /* Debug */ = {
			isa = XCBuildConfiguration;
			buildSettings = {
				ASSETCATALOG_COMPILER_APPICON_NAME = AppIcon;
				CODE_SIGN_STYLE = Automatic;
				DEVELOPMENT_TEAM = D8VQQ7D7K4;
				INFOPLIST_FILE = AmmyQ/Info.plist;
				LD_RUNPATH_SEARCH_PATHS = (
					"$(inherited)",
					"@executable_path/Frameworks",
				);
				PRODUCT_BUNDLE_IDENTIFIER = com.wilmarodz.AmmyQ;
				PRODUCT_NAME = "$(TARGET_NAME)";
				SWIFT_VERSION = 5.0;
				TARGETED_DEVICE_FAMILY = "1,2";
			};
			name = Debug;
		};
		FA7F4DDF244FB6130095D71D /* Release */ = {
			isa = XCBuildConfiguration;
			buildSettings = {
				ASSETCATALOG_COMPILER_APPICON_NAME = AppIcon;
				CODE_SIGN_STYLE = Automatic;
				DEVELOPMENT_TEAM = D8VQQ7D7K4;
				INFOPLIST_FILE = AmmyQ/Info.plist;
				LD_RUNPATH_SEARCH_PATHS = (
					"$(inherited)",
					"@executable_path/Frameworks",
				);
				PRODUCT_BUNDLE_IDENTIFIER = com.wilmarodz.AmmyQ;
				PRODUCT_NAME = "$(TARGET_NAME)";
				SWIFT_VERSION = 5.0;
				TARGETED_DEVICE_FAMILY = "1,2";
			};
			name = Release;
		};
/* End XCBuildConfiguration section */

/* Begin XCConfigurationList section */
		FA7F4DC4244FB6110095D71D /* Build configuration list for PBXProject "AmmyQ" */ = {
			isa = XCConfigurationList;
			buildConfigurations = (
				FA7F4DDB244FB6130095D71D /* Debug */,
				FA7F4DDC244FB6130095D71D /* Release */,
			);
			defaultConfigurationIsVisible = 0;
			defaultConfigurationName = Release;
		};
		FA7F4DDD244FB6130095D71D /* Build configuration list for PBXNativeTarget "AmmyQ" */ = {
			isa = XCConfigurationList;
			buildConfigurations = (
				FA7F4DDE244FB6130095D71D /* Debug */,
				FA7F4DDF244FB6130095D71D /* Release */,
			);
			defaultConfigurationIsVisible = 0;
			defaultConfigurationName = Release;
		};
/* End XCConfigurationList section */

/* Begin XCVersionGroup section */
		FA7F4DE2244FBEBB0095D71D /* AmmyQ.xcdatamodeld */ = {
			isa = XCVersionGroup;
			children = (
				FA7F4DE3244FBEBB0095D71D /* AmmyQ.xcdatamodel */,
			);
			currentVersion = FA7F4DE3244FBEBB0095D71D /* AmmyQ.xcdatamodel */;
			path = AmmyQ.xcdatamodeld;
			sourceTree = "<group>";
			versionGroupType = wrapper.xcdatamodel;
		};
/* End XCVersionGroup section */
	};
	rootObject = FA7F4DC1244FB6110095D71D /* Project object */;
}
